
Microsoft Visual Studio Solution File, Format Version 12.00
# Visual Studio Version 17
VisualStudioVersion = 17.3.32901.215
MinimumVisualStudioVersion = 10.0.40219.1
Project("{FAE04EC0-301F-11D3-BF4B-00C04F79EFBC}") = "Login", "Login\Login.csproj", "{15C0343B-3BEA-46E3-9553-5DD12194E2B9}"
EndProject
Global
	GlobalSection(SolutionConfigurationPlatforms) = preSolution
		Debug|Any CPU = Debug|Any CPU
		Release|Any CPU = Release|Any CPU
	EndGlobalSection
	GlobalSection(ProjectConfigurationPlatforms) = postSolution
		{15C0343B-3BEA-46E3-9553-5DD12194E2B9}.Debug|Any CPU.ActiveCfg = Debug|Any CPU
		{15C0343B-3BEA-46E3-9553-5DD12194E2B9}.Debug|Any CPU.Build.0 = Debug|Any CPU
		{15C0343B-3BEA-46E3-9553-5DD12194E2B9}.Release|Any CPU.ActiveCfg = Release|Any CPU
		{15C0343B-3BEA-46E3-9553-5DD12194E2B9}.Release|Any CPU.Build.0 = Release|Any CPU
	EndGlobalSection
	GlobalSection(SolutionProperties) = preSolution
		HideSolutionNode = FALSE
	EndGlobalSection
	GlobalSection(ExtensibilityGlobals) = postSolution
		SolutionGuid = {B0351948-890B-412F-96F9-5DADCA266249}
	EndGlobalSection
EndGlobal
